
Microsoft Visual Studio Solution File, Format Version 12.00
# Visual Studio 2015
Project("{FAE04EC0-301F-11D3-BF4B-00C04F79EFBC}") = "UnityVS.Number Wizard.CSharp", "UnityVS.Number Wizard.CSharp.csproj", "{B4759615-6FE9-E886-756E-2BB4A47E42D9}"
EndProject
Global
	GlobalSection(SolutionConfigurationPlatforms) = preSolution
		Debug|Any CPU = Debug|Any CPU
		Release|Any CPU = Release|Any CPU
	EndGlobalSection
	GlobalSection(ProjectConfigurationPlatforms) = postSolution
		{B4759615-6FE9-E886-756E-2BB4A47E42D9}.Debug|Any CPU.ActiveCfg = Debug|Any CPU
		{B4759615-6FE9-E886-756E-2BB4A47E42D9}.Debug|Any CPU.Build.0 = Debug|Any CPU
		{B4759615-6FE9-E886-756E-2BB4A47E42D9}.Release|Any CPU.ActiveCfg = Release|Any CPU
		{B4759615-6FE9-E886-756E-2BB4A47E42D9}.Release|Any CPU.Build.0 = Release|Any CPU
	EndGlobalSection
	GlobalSection(SolutionProperties) = preSolution
		HideSolutionNode = FALSE
	EndGlobalSection
EndGlobal
